{
  "lockfileVersion": 1,
  "configVersion": 1,
  "workspaces": {
    "": {
      "dependencies": {
        "@opencode-ai/plugin": "1.2.11",
      },
    },
  },
  "packages": {
    "@opencode-ai/plugin": ["@opencode-ai/plugin@1.2.11", "", { "dependencies": { "@opencode-ai/sdk": "1.2.11", "zod": "4.1.8" } }, "sha512-84yjouG21IknKXjoygRPy/2Owm2WiEZPwfXDbdYtzzOqFAR8MDj6rz9RU/JqoJMXY/s/0oaEtR5Si3OV5Yo6kg=="],

    "@opencode-ai/sdk": ["@opencode-ai/sdk@1.2.11", "", {}, "sha512-oXSgZCa+66IL9AIWYT8yKZZJOSjEZpLGWue64RD/nWj1EFMHJVPldm4QFQr1nIPd43zl1Bli1mBV2KNuA+bsiA=="],

    "zod": ["zod@4.1.8", "", {}, "sha512-5R1P+WwQqmmMIEACyzSvo4JXHY5WiAFHRMg+zBZKgKS+Q1viRa0C1hmUKtHltoIFKtIdki3pRxkmpP74jnNYHQ=="],
  }
}
