{
  "lockfileVersion": 1,
  "configVersion": 1,
  "workspaces": {
    "": {
      "dependencies": {
        "@opencode-ai/plugin": "1.2.14",
      },
    },
  },
  "packages": {
    "@opencode-ai/plugin": ["@opencode-ai/plugin@1.2.14", "", { "dependencies": { "@opencode-ai/sdk": "1.2.14", "zod": "4.1.8" } }, "sha512-36dPaIaNPMjA5jnFAbOzvKe78dbUkKXF8hgs8PNRXiAaTSzoIapBC/xkADVRO66tmLyZhoGFSBkVeJUpOyyiew=="],

    "@opencode-ai/sdk": ["@opencode-ai/sdk@1.2.14", "", {}, "sha512-nPkWAmzgPJYyfCJAV4NG7HTfN/iuO3B6fv8sT26NhPiR+EqD9i8sh4X1LwI7wEbbMOwWOX1PhrssW6gXQOOQZQ=="],

    "zod": ["zod@4.1.8", "", {}, "sha512-5R1P+WwQqmmMIEACyzSvo4JXHY5WiAFHRMg+zBZKgKS+Q1viRa0C1hmUKtHltoIFKtIdki3pRxkmpP74jnNYHQ=="],
  }
}
